<?xml version="1.0" encoding="utf-8"?>
<Project ToolsVersion="4.0" xmlns="http://schemas.microsoft.com/developer/msbuild/2003">
  <ItemGroup>
    <Filter Include="Header Files">
      <UniqueIdentifier>{93995380-89BD-4b04-88EB-625FBE52EBFB}</UniqueIdentifier>
      <Extensions>h;hh;hpp;hxx;h++;hm;inl;inc;ipp;xsd</Extensions>
    </Filter>
    <Filter Include="Resource Files">
      <UniqueIdentifier>{67DA6AB6-F800-4c08-8B7A-83BB121AAD01}</UniqueIdentifier>
      <Extensions>rc;ico;cur;bmp;dlg;rc2;rct;bin;rgs;gif;jpg;jpeg;jpe;resx;tiff;tif;png;wav;mfcribbon-ms</Extensions>
    </Filter>
    <Filter Include="DW3 Source Files">
      <UniqueIdentifier>{9ea5a906-e061-4d09-8bdd-65c939733ccc}</UniqueIdentifier>
    </Filter>
    <Filter Include="Test Source Files">
      <UniqueIdentifier>{4FC737F1-C7A5-4376-A066-2A32D752A2FF}</UniqueIdentifier>
      <Extensions>cpp;c;cc;cxx;c++;cppm;ixx;def;odl;idl;hpj;bat;asm;asmx</Extensions>
    </Filter>
    <Filter Include="Source Files">
      <UniqueIdentifier>{1f25df4f-8fa4-445f-960c-97785a1a4ba9}</UniqueIdentifier>
    </Filter>
    <Filter Include="Utilities">
      <UniqueIdentifier>{a014a8b8-1a9e-48aa-9d19-ddf9ddb43c14}</UniqueIdentifier>
    </Filter>
  </ItemGroup>
  <ItemGroup>
    <ClCompile Include="Unity\unity.c">
      <Filter>Test Source Files</Filter>
    </ClCompile>
    <ClCompile Include="..\..\DW3Arduino\tile_map.c">
      <Filter>DW3 Source Files</Filter>
    </ClCompile>
    <ClCompile Include="..\..\DW3Arduino\sprite.c">
      <Filter>DW3 Source Files</Filter>
    </ClCompile>
    <ClCompile Include="..\..\DW3Arduino\npc.c">
      <Filter>DW3 Source Files</Filter>
    </ClCompile>
    <ClCompile Include="..\..\DW3Arduino\input.c">
      <Filter>DW3 Source Files</Filter>
    </ClCompile>
    <ClCompile Include="test_input.c">
      <Filter>Test Source Files</Filter>
    </ClCompile>
    <ClCompile Include="test_validate_save.c">
      <Filter>Test Source Files</Filter>
    </ClCompile>
    <ClCompile Include="..\..\DW3Arduino\validate_save.c">
      <Filter>DW3 Source Files</Filter>
    </ClCompile>
    <ClCompile Include="main.c">
      <Filter>Source Files</Filter>
    </ClCompile>
    <ClCompile Include="game_util.c">
      <Filter>Utilities</Filter>
    </ClCompile>
    <ClCompile Include="test_sprite.c">
      <Filter>Test Source Files</Filter>
    </ClCompile>
    <ClCompile Include="test_player.c">
      <Filter>Test Source Files</Filter>
    </ClCompile>
    <ClCompile Include="..\..\DW3Arduino\player.c">
      <Filter>DW3 Source Files</Filter>
    </ClCompile>
    <ClCompile Include="test_tile_map.c">
      <Filter>Test Source Files</Filter>
    </ClCompile>
    <ClCompile Include="test_npc.c">
      <Filter>Test Source Files</Filter>
    </ClCompile>
    <ClCompile Include="mock_random.c">
      <Filter>DW3 Source Files</Filter>
    </ClCompile>
  </ItemGroup>
  <ItemGroup>
    <ClInclude Include="main.h">
      <Filter>Header Files</Filter>
    </ClInclude>
    <ClInclude Include="game_util.h">
      <Filter>Utilities</Filter>
    </ClInclude>
  </ItemGroup>
</Project>