
Microsoft Visual Studio Solution File, Format Version 12.00
# Visual Studio Version 17
VisualStudioVersion = 17.10.35201.131
MinimumVisualStudioVersion = 10.0.40219.1
Project("{8BC9CEB8-8B4A-11D0-8D11-00A0C91BC942}") = "DW3ArduinoWinDev", "DW3ArduinoWinDev\DW3ArduinoWinDev.vcxproj", "{98753DE9-1E23-499F-853C-2C71CCFDE321}"
EndProject
Project("{FAE04EC0-301F-11D3-BF4B-00C04F79EFBC}") = "DW3ArduinoEditor", "DW3ArduinoEditor\DW3ArduinoEditor.csproj", "{742745CD-66A2-448B-8A5E-99403DACFAAF}"
EndProject
Global
	GlobalSection(SolutionConfigurationPlatforms) = preSolution
		Debug|Any CPU = Debug|Any CPU
		Debug|x64 = Debug|x64
		Debug|x86 = Debug|x86
		Release|Any CPU = Release|Any CPU
		Release|x64 = Release|x64
		Release|x86 = Release|x86
	EndGlobalSection
	GlobalSection(ProjectConfigurationPlatforms) = postSolution
		{98753DE9-1E23-499F-853C-2C71CCFDE321}.Debug|Any CPU.ActiveCfg = Debug|x64
		{98753DE9-1E23-499F-853C-2C71CCFDE321}.Debug|Any CPU.Build.0 = Debug|x64
		{98753DE9-1E23-499F-853C-2C71CCFDE321}.Debug|x64.ActiveCfg = Debug|x64
		{98753DE9-1E23-499F-853C-2C71CCFDE321}.Debug|x64.Build.0 = Debug|x64
		{98753DE9-1E23-499F-853C-2C71CCFDE321}.Debug|x86.ActiveCfg = Debug|Win32
		{98753DE9-1E23-499F-853C-2C71CCFDE321}.Debug|x86.Build.0 = Debug|Win32
		{98753DE9-1E23-499F-853C-2C71CCFDE321}.Release|Any CPU.ActiveCfg = Release|x64
		{98753DE9-1E23-499F-853C-2C71CCFDE321}.Release|Any CPU.Build.0 = Release|x64
		{98753DE9-1E23-499F-853C-2C71CCFDE321}.Release|x64.ActiveCfg = Release|x64
		{98753DE9-1E23-499F-853C-2C71CCFDE321}.Release|x64.Build.0 = Release|x64
		{98753DE9-1E23-499F-853C-2C71CCFDE321}.Release|x86.ActiveCfg = Release|Win32
		{98753DE9-1E23-499F-853C-2C71CCFDE321}.Release|x86.Build.0 = Release|Win32
		{742745CD-66A2-448B-8A5E-99403DACFAAF}.Debug|Any CPU.ActiveCfg = Debug|Any CPU
		{742745CD-66A2-448B-8A5E-99403DACFAAF}.Debug|Any CPU.Build.0 = Debug|Any CPU
		{742745CD-66A2-448B-8A5E-99403DACFAAF}.Debug|x64.ActiveCfg = Debug|Any CPU
		{742745CD-66A2-448B-8A5E-99403DACFAAF}.Debug|x64.Build.0 = Debug|Any CPU
		{742745CD-66A2-448B-8A5E-99403DACFAAF}.Debug|x86.ActiveCfg = Debug|Any CPU
		{742745CD-66A2-448B-8A5E-99403DACFAAF}.Debug|x86.Build.0 = Debug|Any CPU
		{742745CD-66A2-448B-8A5E-99403DACFAAF}.Release|Any CPU.ActiveCfg = Release|Any CPU
		{742745CD-66A2-448B-8A5E-99403DACFAAF}.Release|Any CPU.Build.0 = Release|Any CPU
		{742745CD-66A2-448B-8A5E-99403DACFAAF}.Release|x64.ActiveCfg = Release|Any CPU
		{742745CD-66A2-448B-8A5E-99403DACFAAF}.Release|x64.Build.0 = Release|Any CPU
		{742745CD-66A2-448B-8A5E-99403DACFAAF}.Release|x86.ActiveCfg = Release|Any CPU
		{742745CD-66A2-448B-8A5E-99403DACFAAF}.Release|x86.Build.0 = Release|Any CPU
	EndGlobalSection
	GlobalSection(SolutionProperties) = preSolution
		HideSolutionNode = FALSE
	EndGlobalSection
	GlobalSection(ExtensibilityGlobals) = postSolution
		SolutionGuid = {75DFBB28-AC8C-438B-A4A6-E7F34F03DE5E}
	EndGlobalSection
EndGlobal
